
Microsoft Visual Studio Solution File, Format Version 12.00
# Visual Studio Version 16
VisualStudioVersion = 16.0.31019.35
MinimumVisualStudioVersion = 10.0.40219.1
Project("{FAE04EC0-301F-11D3-BF4B-00C04F79EFBC}") = "Kdl.Core", "Kdl.Core\Kdl.Core.csproj", "{E73E0124-E5B4-4E87-A98A-A6882801155B}"
EndProject
Project("{9A19103F-16F7-4668-BE54-9A1E7A4F7556}") = "Kdl.Cli", "Kdl.Cli\Kdl.Cli.csproj", "{21AF12A8-1D88-45C6-A4F7-680FFACF60B1}"
EndProject
Global
	GlobalSection(SolutionConfigurationPlatforms) = preSolution
		Debug|Any CPU = Debug|Any CPU
		Release|Any CPU = Release|Any CPU
	EndGlobalSection
	GlobalSection(ProjectConfigurationPlatforms) = postSolution
		{E73E0124-E5B4-4E87-A98A-A6882801155B}.Debug|Any CPU.ActiveCfg = Debug|Any CPU
		{E73E0124-E5B4-4E87-A98A-A6882801155B}.Debug|Any CPU.Build.0 = Debug|Any CPU
		{E73E0124-E5B4-4E87-A98A-A6882801155B}.Release|Any CPU.ActiveCfg = Release|Any CPU
		{E73E0124-E5B4-4E87-A98A-A6882801155B}.Release|Any CPU.Build.0 = Release|Any CPU
		{21AF12A8-1D88-45C6-A4F7-680FFACF60B1}.Debug|Any CPU.ActiveCfg = Debug|Any CPU
		{21AF12A8-1D88-45C6-A4F7-680FFACF60B1}.Debug|Any CPU.Build.0 = Debug|Any CPU
		{21AF12A8-1D88-45C6-A4F7-680FFACF60B1}.Release|Any CPU.ActiveCfg = Release|Any CPU
		{21AF12A8-1D88-45C6-A4F7-680FFACF60B1}.Release|Any CPU.Build.0 = Release|Any CPU
	EndGlobalSection
	GlobalSection(SolutionProperties) = preSolution
		HideSolutionNode = FALSE
	EndGlobalSection
	GlobalSection(ExtensibilityGlobals) = postSolution
		SolutionGuid = {E05429A8-BF68-4852-9D30-3334C50FD627}
	EndGlobalSection
EndGlobal
